
Microsoft Visual Studio Solution File, Format Version 12.00
# Visual Studio 15
VisualStudioVersion = 15.0.27130.2024
MinimumVisualStudioVersion = 10.0.40219.1
Project("{9A19103F-16F7-4668-BE54-9A1E7A4F7556}") = "01. Regeh", "01. Regeh\01. Regeh.csproj", "{9CD5C644-5866-43AA-8110-ADAF27E8FA6A}"
EndProject
Project("{9A19103F-16F7-4668-BE54-9A1E7A4F7556}") = "01. Key Revolver", "01. Key Revolver\01. Key Revolver.csproj", "{D05F9ED4-E3D4-4D12-9062-075F4A79880F}"
EndProject
Project("{9A19103F-16F7-4668-BE54-9A1E7A4F7556}") = "04. Hit List", "04. Hit List\04. Hit List.csproj", "{7FD48BCA-6267-435C-BDC5-ED0179EC9C4D}"
EndProject
Project("{9A19103F-16F7-4668-BE54-9A1E7A4F7556}") = "03. Crypto Blockchain", "03. Crypto Blockchain\03. Crypto Blockchain.csproj", "{8E16FEDB-0E2B-4837-94ED-6B298994AD04}"
EndProject
Project("{9A19103F-16F7-4668-BE54-9A1E7A4F7556}") = "04. Movie Time", "04. Movie Time\04. Movie Time.csproj", "{3141D0B2-BA69-4092-8739-EF676D06F95C}"
EndProject
Project("{9A19103F-16F7-4668-BE54-9A1E7A4F7556}") = "04. Cubic Assault", "04. Hospital\04. Cubic Assault.csproj", "{0D7AD3F2-F1FE-4136-B0F9-A3A7987E5D33}"
EndProject
Project("{9A19103F-16F7-4668-BE54-9A1E7A4F7556}") = "04. Hospital", "04. Cubic Assault\04. Hospital.csproj", "{00B368C8-6A30-4430-BCB1-2BDB9ADDC2A1}"
EndProject
Project("{9A19103F-16F7-4668-BE54-9A1E7A4F7556}") = "03. Ticket Trouble", "03. Ticket Trouble\03. Ticket Trouble.csproj", "{82B0545D-37B1-481A-AD52-004066559858}"
EndProject
Project("{9A19103F-16F7-4668-BE54-9A1E7A4F7556}") = "04. Treasure Map", "04. Treasure Map\04. Treasure Map.csproj", "{878A7971-ECD7-4AB6-94CC-22C51A38E7DC}"
EndProject
Project("{9A19103F-16F7-4668-BE54-9A1E7A4F7556}") = "02. Jedi Galaxy", "02. Jedi Galaxy\02. Jedi Galaxy.csproj", "{6EF38948-9794-4407-8B68-2E76EBA8A3A1}"
EndProject
Project("{9A19103F-16F7-4668-BE54-9A1E7A4F7556}") = "01. Jedi Meditation", "01. Jedi Meditation\01. Jedi Meditation.csproj", "{8E1FBFC9-33BB-4C5D-850E-C46F4B7DE984}"
EndProject
Project("{9A19103F-16F7-4668-BE54-9A1E7A4F7556}") = "01. Arrange Integers", "04. Jedi Dreams\01. Arrange Integers.csproj", "{0D340173-6327-43E1-9EBC-05937BD16027}"
EndProject
Project("{9A19103F-16F7-4668-BE54-9A1E7A4F7556}") = "02. Monopoly", "02. Monopoly\02. Monopoly.csproj", "{85BB9896-2A66-44FA-B7B6-AE6798955948}"
EndProject
Project("{9A19103F-16F7-4668-BE54-9A1E7A4F7556}") = "03. Basic Mark-up Language", "03. Basic Mark-up Language\03. Basic Mark-up Language.csproj", "{4673E0A1-AD7B-4697-B5AA-1E5B804A46ED}"
EndProject
Project("{9A19103F-16F7-4668-BE54-9A1E7A4F7556}") = "03. Cubic’s Messages", "03. Cubic’s Messages\03. Cubic’s Messages.csproj", "{148B29C2-F075-4D23-8F0A-C95A12A76939}"
EndProject
Project("{9A19103F-16F7-4668-BE54-9A1E7A4F7556}") = "04. Events", "04. Events\04. Events.csproj", "{EAF23D7F-859D-4471-A5B9-91E9C6132A4E}"
EndProject
Project("{9A19103F-16F7-4668-BE54-9A1E7A4F7556}") = "03. Number Wars", "03. Number Wars\03. Number Wars.csproj", "{F308677D-7D72-4FB6-96A9-7CB222E9D928}"
EndProject
Project("{9A19103F-16F7-4668-BE54-9A1E7A4F7556}") = "01. Data Transfer", "fak1\01. Data Transfer.csproj", "{72D0F122-3ECF-414A-B6B5-E6354E05D02B}"
EndProject
Project("{9A19103F-16F7-4668-BE54-9A1E7A4F7556}") = "02. Tagram", "fak2\02. Tagram.csproj", "{CDFF8B26-2002-4040-896E-15630463140F}"
EndProject
Project("{9A19103F-16F7-4668-BE54-9A1E7A4F7556}") = "03. Miner", "fak3\03. Miner.csproj", "{FB0BD1E5-1C40-47A3-9E89-F975C8183557}"
EndProject
Project("{9A19103F-16F7-4668-BE54-9A1E7A4F7556}") = "fak4", "fak4\fak4.csproj", "{B1559375-2241-4917-BF39-EFD3289398D0}"
EndProject
Project("{9A19103F-16F7-4668-BE54-9A1E7A4F7556}") = "02. Sneaking", "02. Sneaking\02. Sneaking.csproj", "{21F2819A-6EF6-44D4-B1B3-3D90E3ED638A}"
EndProject
Global
	GlobalSection(SolutionConfigurationPlatforms) = preSolution
		Debug|Any CPU = Debug|Any CPU
		Release|Any CPU = Release|Any CPU
	EndGlobalSection
	GlobalSection(ProjectConfigurationPlatforms) = postSolution
		{9CD5C644-5866-43AA-8110-ADAF27E8FA6A}.Debug|Any CPU.ActiveCfg = Debug|Any CPU
		{9CD5C644-5866-43AA-8110-ADAF27E8FA6A}.Debug|Any CPU.Build.0 = Debug|Any CPU
		{9CD5C644-5866-43AA-8110-ADAF27E8FA6A}.Release|Any CPU.ActiveCfg = Release|Any CPU
		{9CD5C644-5866-43AA-8110-ADAF27E8FA6A}.Release|Any CPU.Build.0 = Release|Any CPU
		{D05F9ED4-E3D4-4D12-9062-075F4A79880F}.Debug|Any CPU.ActiveCfg = Debug|Any CPU
		{D05F9ED4-E3D4-4D12-9062-075F4A79880F}.Debug|Any CPU.Build.0 = Debug|Any CPU
		{D05F9ED4-E3D4-4D12-9062-075F4A79880F}.Release|Any CPU.ActiveCfg = Release|Any CPU
		{D05F9ED4-E3D4-4D12-9062-075F4A79880F}.Release|Any CPU.Build.0 = Release|Any CPU
		{7FD48BCA-6267-435C-BDC5-ED0179EC9C4D}.Debug|Any CPU.ActiveCfg = Debug|Any CPU
		{7FD48BCA-6267-435C-BDC5-ED0179EC9C4D}.Debug|Any CPU.Build.0 = Debug|Any CPU
		{7FD48BCA-6267-435C-BDC5-ED0179EC9C4D}.Release|Any CPU.ActiveCfg = Release|Any CPU
		{7FD48BCA-6267-435C-BDC5-ED0179EC9C4D}.Release|Any CPU.Build.0 = Release|Any CPU
		{8E16FEDB-0E2B-4837-94ED-6B298994AD04}.Debug|Any CPU.ActiveCfg = Debug|Any CPU
		{8E16FEDB-0E2B-4837-94ED-6B298994AD04}.Debug|Any CPU.Build.0 = Debug|Any CPU
		{8E16FEDB-0E2B-4837-94ED-6B298994AD04}.Release|Any CPU.ActiveCfg = Release|Any CPU
		{8E16FEDB-0E2B-4837-94ED-6B298994AD04}.Release|Any CPU.Build.0 = Release|Any CPU
		{3141D0B2-BA69-4092-8739-EF676D06F95C}.Debug|Any CPU.ActiveCfg = Debug|Any CPU
		{3141D0B2-BA69-4092-8739-EF676D06F95C}.Debug|Any CPU.Build.0 = Debug|Any CPU
		{3141D0B2-BA69-4092-8739-EF676D06F95C}.Release|Any CPU.ActiveCfg = Release|Any CPU
		{3141D0B2-BA69-4092-8739-EF676D06F95C}.Release|Any CPU.Build.0 = Release|Any CPU
		{0D7AD3F2-F1FE-4136-B0F9-A3A7987E5D33}.Debug|Any CPU.ActiveCfg = Debug|Any CPU
		{0D7AD3F2-F1FE-4136-B0F9-A3A7987E5D33}.Debug|Any CPU.Build.0 = Debug|Any CPU
		{0D7AD3F2-F1FE-4136-B0F9-A3A7987E5D33}.Release|Any CPU.ActiveCfg = Release|Any CPU
		{0D7AD3F2-F1FE-4136-B0F9-A3A7987E5D33}.Release|Any CPU.Build.0 = Release|Any CPU
		{00B368C8-6A30-4430-BCB1-2BDB9ADDC2A1}.Debug|Any CPU.ActiveCfg = Debug|Any CPU
		{00B368C8-6A30-4430-BCB1-2BDB9ADDC2A1}.Debug|Any CPU.Build.0 = Debug|Any CPU
		{00B368C8-6A30-4430-BCB1-2BDB9ADDC2A1}.Release|Any CPU.ActiveCfg = Release|Any CPU
		{00B368C8-6A30-4430-BCB1-2BDB9ADDC2A1}.Release|Any CPU.Build.0 = Release|Any CPU
		{82B0545D-37B1-481A-AD52-004066559858}.Debug|Any CPU.ActiveCfg = Debug|Any CPU
		{82B0545D-37B1-481A-AD52-004066559858}.Debug|Any CPU.Build.0 = Debug|Any CPU
		{82B0545D-37B1-481A-AD52-004066559858}.Release|Any CPU.ActiveCfg = Release|Any CPU
		{82B0545D-37B1-481A-AD52-004066559858}.Release|Any CPU.Build.0 = Release|Any CPU
		{878A7971-ECD7-4AB6-94CC-22C51A38E7DC}.Debug|Any CPU.ActiveCfg = Debug|Any CPU
		{878A7971-ECD7-4AB6-94CC-22C51A38E7DC}.Debug|Any CPU.Build.0 = Debug|Any CPU
		{878A7971-ECD7-4AB6-94CC-22C51A38E7DC}.Release|Any CPU.ActiveCfg = Release|Any CPU
		{878A7971-ECD7-4AB6-94CC-22C51A38E7DC}.Release|Any CPU.Build.0 = Release|Any CPU
		{6EF38948-9794-4407-8B68-2E76EBA8A3A1}.Debug|Any CPU.ActiveCfg = Debug|Any CPU
		{6EF38948-9794-4407-8B68-2E76EBA8A3A1}.Debug|Any CPU.Build.0 = Debug|Any CPU
		{6EF38948-9794-4407-8B68-2E76EBA8A3A1}.Release|Any CPU.ActiveCfg = Release|Any CPU
		{6EF38948-9794-4407-8B68-2E76EBA8A3A1}.Release|Any CPU.Build.0 = Release|Any CPU
		{8E1FBFC9-33BB-4C5D-850E-C46F4B7DE984}.Debug|Any CPU.ActiveCfg = Debug|Any CPU
		{8E1FBFC9-33BB-4C5D-850E-C46F4B7DE984}.Debug|Any CPU.Build.0 = Debug|Any CPU
		{8E1FBFC9-33BB-4C5D-850E-C46F4B7DE984}.Release|Any CPU.ActiveCfg = Release|Any CPU
		{8E1FBFC9-33BB-4C5D-850E-C46F4B7DE984}.Release|Any CPU.Build.0 = Release|Any CPU
		{0D340173-6327-43E1-9EBC-05937BD16027}.Debug|Any CPU.ActiveCfg = Debug|Any CPU
		{0D340173-6327-43E1-9EBC-05937BD16027}.Debug|Any CPU.Build.0 = Debug|Any CPU
		{0D340173-6327-43E1-9EBC-05937BD16027}.Release|Any CPU.ActiveCfg = Release|Any CPU
		{0D340173-6327-43E1-9EBC-05937BD16027}.Release|Any CPU.Build.0 = Release|Any CPU
		{85BB9896-2A66-44FA-B7B6-AE6798955948}.Debug|Any CPU.ActiveCfg = Debug|Any CPU
		{85BB9896-2A66-44FA-B7B6-AE6798955948}.Debug|Any CPU.Build.0 = Debug|Any CPU
		{85BB9896-2A66-44FA-B7B6-AE6798955948}.Release|Any CPU.ActiveCfg = Release|Any CPU
		{85BB9896-2A66-44FA-B7B6-AE6798955948}.Release|Any CPU.Build.0 = Release|Any CPU
		{4673E0A1-AD7B-4697-B5AA-1E5B804A46ED}.Debug|Any CPU.ActiveCfg = Debug|Any CPU
		{4673E0A1-AD7B-4697-B5AA-1E5B804A46ED}.Debug|Any CPU.Build.0 = Debug|Any CPU
		{4673E0A1-AD7B-4697-B5AA-1E5B804A46ED}.Release|Any CPU.ActiveCfg = Release|Any CPU
		{4673E0A1-AD7B-4697-B5AA-1E5B804A46ED}.Release|Any CPU.Build.0 = Release|Any CPU
		{148B29C2-F075-4D23-8F0A-C95A12A76939}.Debug|Any CPU.ActiveCfg = Debug|Any CPU
		{148B29C2-F075-4D23-8F0A-C95A12A76939}.Debug|Any CPU.Build.0 = Debug|Any CPU
		{148B29C2-F075-4D23-8F0A-C95A12A76939}.Release|Any CPU.ActiveCfg = Release|Any CPU
		{148B29C2-F075-4D23-8F0A-C95A12A76939}.Release|Any CPU.Build.0 = Release|Any CPU
		{EAF23D7F-859D-4471-A5B9-91E9C6132A4E}.Debug|Any CPU.ActiveCfg = Debug|Any CPU
		{EAF23D7F-859D-4471-A5B9-91E9C6132A4E}.Debug|Any CPU.Build.0 = Debug|Any CPU
		{EAF23D7F-859D-4471-A5B9-91E9C6132A4E}.Release|Any CPU.ActiveCfg = Release|Any CPU
		{EAF23D7F-859D-4471-A5B9-91E9C6132A4E}.Release|Any CPU.Build.0 = Release|Any CPU
		{F308677D-7D72-4FB6-96A9-7CB222E9D928}.Debug|Any CPU.ActiveCfg = Debug|Any CPU
		{F308677D-7D72-4FB6-96A9-7CB222E9D928}.Debug|Any CPU.Build.0 = Debug|Any CPU
		{F308677D-7D72-4FB6-96A9-7CB222E9D928}.Release|Any CPU.ActiveCfg = Release|Any CPU
		{F308677D-7D72-4FB6-96A9-7CB222E9D928}.Release|Any CPU.Build.0 = Release|Any CPU
		{72D0F122-3ECF-414A-B6B5-E6354E05D02B}.Debug|Any CPU.ActiveCfg = Debug|Any CPU
		{72D0F122-3ECF-414A-B6B5-E6354E05D02B}.Debug|Any CPU.Build.0 = Debug|Any CPU
		{72D0F122-3ECF-414A-B6B5-E6354E05D02B}.Release|Any CPU.ActiveCfg = Release|Any CPU
		{72D0F122-3ECF-414A-B6B5-E6354E05D02B}.Release|Any CPU.Build.0 = Release|Any CPU
		{CDFF8B26-2002-4040-896E-15630463140F}.Debug|Any CPU.ActiveCfg = Debug|Any CPU
		{CDFF8B26-2002-4040-896E-15630463140F}.Debug|Any CPU.Build.0 = Debug|Any CPU
		{CDFF8B26-2002-4040-896E-15630463140F}.Release|Any CPU.ActiveCfg = Release|Any CPU
		{CDFF8B26-2002-4040-896E-15630463140F}.Release|Any CPU.Build.0 = Release|Any CPU
		{FB0BD1E5-1C40-47A3-9E89-F975C8183557}.Debug|Any CPU.ActiveCfg = Debug|Any CPU
		{FB0BD1E5-1C40-47A3-9E89-F975C8183557}.Debug|Any CPU.Build.0 = Debug|Any CPU
		{FB0BD1E5-1C40-47A3-9E89-F975C8183557}.Release|Any CPU.ActiveCfg = Release|Any CPU
		{FB0BD1E5-1C40-47A3-9E89-F975C8183557}.Release|Any CPU.Build.0 = Release|Any CPU
		{B1559375-2241-4917-BF39-EFD3289398D0}.Debug|Any CPU.ActiveCfg = Debug|Any CPU
		{B1559375-2241-4917-BF39-EFD3289398D0}.Debug|Any CPU.Build.0 = Debug|Any CPU
		{B1559375-2241-4917-BF39-EFD3289398D0}.Release|Any CPU.ActiveCfg = Release|Any CPU
		{B1559375-2241-4917-BF39-EFD3289398D0}.Release|Any CPU.Build.0 = Release|Any CPU
		{21F2819A-6EF6-44D4-B1B3-3D90E3ED638A}.Debug|Any CPU.ActiveCfg = Debug|Any CPU
		{21F2819A-6EF6-44D4-B1B3-3D90E3ED638A}.Debug|Any CPU.Build.0 = Debug|Any CPU
		{21F2819A-6EF6-44D4-B1B3-3D90E3ED638A}.Release|Any CPU.ActiveCfg = Release|Any CPU
		{21F2819A-6EF6-44D4-B1B3-3D90E3ED638A}.Release|Any CPU.Build.0 = Release|Any CPU
	EndGlobalSection
	GlobalSection(SolutionProperties) = preSolution
		HideSolutionNode = FALSE
	EndGlobalSection
	GlobalSection(ExtensibilityGlobals) = postSolution
		SolutionGuid = {9F32CB10-6897-4476-BD24-5959A781DCE7}
	EndGlobalSection
EndGlobal
